// !$*UTF8*$!
{
	archiveVersion = 1;
	classes = {
	};
	objectVersion = 46;
	objects = {

/* Begin PBXBuildFile section */
		B51980121908352A00F3DF16 /* Foundation.framework in Frameworks */ = {isa = PBXBuildFile; fileRef = B51980111908352A00F3DF16 /* Foundation.framework */; };
		B51980141908352A00F3DF16 /* CoreGraphics.framework in Frameworks */ = {isa = PBXBuildFile; fileRef = B51980131908352A00F3DF16 /* CoreGraphics.framework */; };
		B51980161908352A00F3DF16 /* UIKit.framework in Frameworks */ = {isa = PBXBuildFile; fileRef = B51980151908352A00F3DF16 /* UIKit.framework */; };
		B519801C1908352A00F3DF16 /* InfoPlist.strings in Resources */ = {isa = PBXBuildFile; fileRef = B519801A1908352A00F3DF16 /* InfoPlist.strings */; };
		B519801E1908352A00F3DF16 /* main.m in Sources */ = {isa = PBXBuildFile; fileRef = B519801D1908352A00F3DF16 /* main.m */; };
		B51980221908352A00F3DF16 /* AppDelegate.m in Sources */ = {isa = PBXBuildFile; fileRef = B51980211908352A00F3DF16 /* AppDelegate.m */; };
		B51980251908352A00F3DF16 /* Main.storyboard in Resources */ = {isa = PBXBuildFile; fileRef = B51980231908352A00F3DF16 /* Main.storyboard */; };
		B51980281908352A00F3DF16 /* ViewController.m in Sources */ = {isa = PBXBuildFile; fileRef = B51980271908352A00F3DF16 /* ViewController.m */; };
		B519802A1908352A00F3DF16 /* Images.xcassets in Resources */ = {isa = PBXBuildFile; fileRef = B51980291908352A00F3DF16 /* Images.xcassets */; };
		B51980311908352A00F3DF16 /* XCTest.framework in Frameworks */ = {isa = PBXBuildFile; fileRef = B51980301908352A00F3DF16 /* XCTest.framework */; };
		B51980321908352A00F3DF16 /* Foundation.framework in Frameworks */ = {isa = PBXBuildFile; fileRef = B51980111908352A00F3DF16 /* Foundation.framework */; };
		B51980331908352A00F3DF16 /* UIKit.framework in Frameworks */ = {isa = PBXBuildFile; fileRef = B51980151908352A00F3DF16 /* UIKit.framework */; };
		B519803B1908352A00F3DF16 /* InfoPlist.strings in Resources */ = {isa = PBXBuildFile; fileRef = B51980391908352A00F3DF16 /* InfoPlist.strings */; };
		B519803D1908352A00F3DF16 /* SongBlurbTests.m in Sources */ = {isa = PBXBuildFile; fileRef = B519803C1908352A00F3DF16 /* SongBlurbTests.m */; };
		B5198047190835CC00F3DF16 /* AVFoundation.framework in Frameworks */ = {isa = PBXBuildFile; fileRef = B5198046190835CC00F3DF16 /* AVFoundation.framework */; };
/* End PBXBuildFile section */

/* Begin PBXContainerItemProxy section */
		B51980341908352A00F3DF16 /* PBXContainerItemProxy */ = {
			isa = PBXContainerItemProxy;
			containerPortal = B51980061908352A00F3DF16 /* Project object */;
			proxyType = 1;
			remoteGlobalIDString = B519800D1908352A00F3DF16;
			remoteInfo = SongBlurb;
		};
/* End PBXContainerItemProxy section */

/* Begin PBXFileReference section */
		B519800E1908352A00F3DF16 /* SongBlurb.app */ = {isa = PBXFileReference; explicitFileType = wrapper.application; includeInIndex = 0; path = SongBlurb.app; sourceTree = BUILT_PRODUCTS_DIR; };
		B51980111908352A00F3DF16 /* Foundation.framework */ = {isa = PBXFileReference; lastKnownFileType = wrapper.framework; name = Foundation.framework; path = System/Library/Frameworks/Foundation.framework; sourceTree = SDKROOT; };
		B51980131908352A00F3DF16 /* CoreGraphics.framework */ = {isa = PBXFileReference; lastKnownFileType = wrapper.framework; name = CoreGraphics.framework; path = System/Library/Frameworks/CoreGraphics.framework; sourceTree = SDKROOT; };
		B51980151908352A00F3DF16 /* UIKit.framework */ = {isa = PBXFileReference; lastKnownFileType = wrapper.framework; name = UIKit.framework; path = System/Library/Frameworks/UIKit.framework; sourceTree = SDKROOT; };
		B51980191908352A00F3DF16 /* SongBlurb-Info.plist */ = {isa = PBXFileReference; lastKnownFileType = text.plist.xml; path = "SongBlurb-Info.plist"; sourceTree = "<group>"; };
		B519801B1908352A00F3DF16 /* en */ = {isa = PBXFileReference; lastKnownFileType = text.plist.strings; name = en; path = en.lproj/InfoPlist.strings; sourceTree = "<group>"; };
		B519801D1908352A00F3DF16 /* main.m */ = {isa = PBXFileReference; lastKnownFileType = sourcecode.c.objc; path = main.m; sourceTree = "<group>"; };
		B519801F1908352A00F3DF16 /* SongBlurb-Prefix.pch */ = {isa = PBXFileReference; lastKnownFileType = sourcecode.c.h; path = "SongBlurb-Prefix.pch"; sourceTree = "<group>"; };
		B51980201908352A00F3DF16 /* AppDelegate.h */ = {isa = PBXFileReference; lastKnownFileType = sourcecode.c.h; path = AppDelegate.h; sourceTree = "<group>"; };
		B51980211908352A00F3DF16 /* AppDelegate.m */ = {isa = PBXFileReference; lastKnownFileType = sourcecode.c.objc; path = AppDelegate.m; sourceTree = "<group>"; };
		B51980241908352A00F3DF16 /* Base */ = {isa = PBXFileReference; lastKnownFileType = file.storyboard; name = Base; path = Base.lproj/Main.storyboard; sourceTree = "<group>"; };
		B51980261908352A00F3DF16 /* ViewController.h */ = {isa = PBXFileReference; lastKnownFileType = sourcecode.c.h; path = ViewController.h; sourceTree = "<group>"; };
		B51980271908352A00F3DF16 /* ViewController.m */ = {isa = PBXFileReference; lastKnownFileType = sourcecode.c.objc; path = ViewController.m; sourceTree = "<group>"; };
		B51980291908352A00F3DF16 /* Images.xcassets */ = {isa = PBXFileReference; lastKnownFileType = folder.assetcatalog; path = Images.xcassets; sourceTree = "<group>"; };
		B519802F1908352A00F3DF16 /* SongBlurbTests.xctest */ = {isa = PBXFileReference; explicitFileType = wrapper.cfbundle; includeInIndex = 0; path = SongBlurbTests.xctest; sourceTree = BUILT_PRODUCTS_DIR; };
		B51980301908352A00F3DF16 /* XCTest.framework */ = {isa = PBXFileReference; lastKnownFileType = wrapper.framework; name = XCTest.framework; path = Library/Frameworks/XCTest.framework; sourceTree = DEVELOPER_DIR; };
		B51980381908352A00F3DF16 /* SongBlurbTests-Info.plist */ = {isa = PBXFileReference; lastKnownFileType = text.plist.xml; path = "SongBlurbTests-Info.plist"; sourceTree = "<group>"; };
		B519803A1908352A00F3DF16 /* en */ = {isa = PBXFileReference; lastKnownFileType = text.plist.strings; name = en; path = en.lproj/InfoPlist.strings; sourceTree = "<group>"; };
		B519803C1908352A00F3DF16 /* SongBlurbTests.m */ = {isa = PBXFileReference; lastKnownFileType = sourcecode.c.objc; path = SongBlurbTests.m; sourceTree = "<group>"; };
		B5198046190835CC00F3DF16 /* AVFoundation.framework */ = {isa = PBXFileReference; lastKnownFileType = wrapper.framework; name = AVFoundation.framework; path = System/Library/Frameworks/AVFoundation.framework; sourceTree = SDKROOT; };
/* End PBXFileReference section */

/* Begin PBXFrameworksBuildPhase section */
		B519800B1908352A00F3DF16 /* Frameworks */ = {
			isa = PBXFrameworksBuildPhase;
			buildActionMask = 2147483647;
			files = (
				B5198047190835CC00F3DF16 /* AVFoundation.framework in Frameworks */,
				B51980141908352A00F3DF16 /* CoreGraphics.framework in Frameworks */,
				B51980161908352A00F3DF16 /* UIKit.framework in Frameworks */,
				B51980121908352A00F3DF16 /* Foundation.framework in Frameworks */,
			);
			runOnlyForDeploymentPostprocessing = 0;
		};
		B519802C1908352A00F3DF16 /* Frameworks */ = {
			isa = PBXFrameworksBuildPhase;
			buildActionMask = 2147483647;
			files = (
				B51980311908352A00F3DF16 /* XCTest.framework in Frameworks */,
				B51980331908352A00F3DF16 /* UIKit.framework in Frameworks */,
				B51980321908352A00F3DF16 /* Foundation.framework in Frameworks */,
			);
			runOnlyForDeploymentPostprocessing = 0;
		};
/* End PBXFrameworksBuildPhase section */

/* Begin PBXGroup section */
		B51980051908352A00F3DF16 = {
			isa = PBXGroup;
			children = (
				B51980171908352A00F3DF16 /* SongBlurb */,
				B51980361908352A00F3DF16 /* SongBlurbTests */,
				B51980101908352A00F3DF16 /* Frameworks */,
				B519800F1908352A00F3DF16 /* Products */,
			);
			sourceTree = "<group>";
		};
		B519800F1908352A00F3DF16 /* Products */ = {
			isa = PBXGroup;
			children = (
				B519800E1908352A00F3DF16 /* SongBlurb.app */,
				B519802F1908352A00F3DF16 /* SongBlurbTests.xctest */,
			);
			name = Products;
			sourceTree = "<group>";
		};
		B51980101908352A00F3DF16 /* Frameworks */ = {
			isa = PBXGroup;
			children = (
				B5198046190835CC00F3DF16 /* AVFoundation.framework */,
				B51980111908352A00F3DF16 /* Foundation.framework */,
				B51980131908352A00F3DF16 /* CoreGraphics.framework */,
				B51980151908352A00F3DF16 /* UIKit.framework */,
				B51980301908352A00F3DF16 /* XCTest.framework */,
			);
			name = Frameworks;
			sourceTree = "<group>";
		};
		B51980171908352A00F3DF16 /* SongBlurb */ = {
			isa = PBXGroup;
			children = (
				B51980201908352A00F3DF16 /* AppDelegate.h */,
				B51980211908352A00F3DF16 /* AppDelegate.m */,
				B51980231908352A00F3DF16 /* Main.storyboard */,
				B51980261908352A00F3DF16 /* ViewController.h */,
				B51980271908352A00F3DF16 /* ViewController.m */,
				B51980291908352A00F3DF16 /* Images.xcassets */,
				B51980181908352A00F3DF16 /* Supporting Files */,
			);
			path = SongBlurb;
			sourceTree = "<group>";
		};
		B51980181908352A00F3DF16 /* Supporting Files */ = {
			isa = PBXGroup;
			children = (
				B51980191908352A00F3DF16 /* SongBlurb-Info.plist */,
				B519801A1908352A00F3DF16 /* InfoPlist.strings */,
				B519801D1908352A00F3DF16 /* main.m */,
				B519801F1908352A00F3DF16 /* SongBlurb-Prefix.pch */,
			);
			name = "Supporting Files";
			sourceTree = "<group>";
		};
		B51980361908352A00F3DF16 /* SongBlurbTests */ = {
			isa = PBXGroup;
			children = (
				B519803C1908352A00F3DF16 /* SongBlurbTests.m */,
				B51980371908352A00F3DF16 /* Supporting Files */,
			);
			path = SongBlurbTests;
			sourceTree = "<group>";
		};
		B51980371908352A00F3DF16 /* Supporting Files */ = {
			isa = PBXGroup;
			children = (
				B51980381908352A00F3DF16 /* SongBlurbTests-Info.plist */,
				B51980391908352A00F3DF16 /* InfoPlist.strings */,
			);
			name = "Supporting Files";
			sourceTree = "<group>";
		};
/* End PBXGroup section */

/* Begin PBXNativeTarget section */
		B519800D1908352A00F3DF16 /* SongBlurb */ = {
			isa = PBXNativeTarget;
			buildConfigurationList = B51980401908352A00F3DF16 /* Build configuration list for PBXNativeTarget "SongBlurb" */;
			buildPhases = (
				B519800A1908352A00F3DF16 /* Sources */,
				B519800B1908352A00F3DF16 /* Frameworks */,
				B519800C1908352A00F3DF16 /* Resources */,
			);
			buildRules = (
			);
			dependencies = (
			);
			name = SongBlurb;
			productName = SongBlurb;
			productReference = B519800E1908352A00F3DF16 /* SongBlurb.app */;
			productType = "com.apple.product-type.application";
		};
		B519802E1908352A00F3DF16 /* SongBlurbTests */ = {
			isa = PBXNativeTarget;
			buildConfigurationList = B51980431908352A00F3DF16 /* Build configuration list for PBXNativeTarget "SongBlurbTests" */;
			buildPhases = (
				B519802B1908352A00F3DF16 /* Sources */,
				B519802C1908352A00F3DF16 /* Frameworks */,
				B519802D1908352A00F3DF16 /* Resources */,
			);
			buildRules = (
			);
			dependencies = (
				B51980351908352A00F3DF16 /* PBXTargetDependency */,
			);
			name = SongBlurbTests;
			productName = SongBlurbTests;
			productReference = B519802F1908352A00F3DF16 /* SongBlurbTests.xctest */;
			productType = "com.apple.product-type.bundle.unit-test";
		};
/* End PBXNativeTarget section */

/* Begin PBXProject section */
		B51980061908352A00F3DF16 /* Project object */ = {
			isa = PBXProject;
			attributes = {
				LastUpgradeCheck = 0500;
				ORGANIZATIONNAME = "Benjamin Martin";
				TargetAttributes = {
					B519802E1908352A00F3DF16 = {
						TestTargetID = B519800D1908352A00F3DF16;
					};
				};
			};
			buildConfigurationList = B51980091908352A00F3DF16 /* Build configuration list for PBXProject "SongBlurb" */;
			compatibilityVersion = "Xcode 3.2";
			developmentRegion = English;
			hasScannedForEncodings = 0;
			knownRegions = (
				en,
				Base,
			);
			mainGroup = B51980051908352A00F3DF16;
			productRefGroup = B519800F1908352A00F3DF16 /* Products */;
			projectDirPath = "";
			projectRoot = "";
			targets = (
				B519800D1908352A00F3DF16 /* SongBlurb */,
				B519802E1908352A00F3DF16 /* SongBlurbTests */,
			);
		};
/* End PBXProject section */

/* Begin PBXResourcesBuildPhase section */
		B519800C1908352A00F3DF16 /* Resources */ = {
			isa = PBXResourcesBuildPhase;
			buildActionMask = 2147483647;
			files = (
				B519802A1908352A00F3DF16 /* Images.xcassets in Resources */,
				B519801C1908352A00F3DF16 /* InfoPlist.strings in Resources */,
				B51980251908352A00F3DF16 /* Main.storyboard in Resources */,
			);
			runOnlyForDeploymentPostprocessing = 0;
		};
		B519802D1908352A00F3DF16 /* Resources */ = {
			isa = PBXResourcesBuildPhase;
			buildActionMask = 2147483647;
			files = (
				B519803B1908352A00F3DF16 /* InfoPlist.strings in Resources */,
			);
			runOnlyForDeploymentPostprocessing = 0;
		};
/* End PBXResourcesBuildPhase section */

/* Begin PBXSourcesBuildPhase section */
		B519800A1908352A00F3DF16 /* Sources */ = {
			isa = PBXSourcesBuildPhase;
			buildActionMask = 2147483647;
			files = (
				B51980281908352A00F3DF16 /* ViewController.m in Sources */,
				B51980221908352A00F3DF16 /* AppDelegate.m in Sources */,
				B519801E1908352A00F3DF16 /* main.m in Sources */,
			);
			runOnlyForDeploymentPostprocessing = 0;
		};
		B519802B1908352A00F3DF16 /* Sources */ = {
			isa = PBXSourcesBuildPhase;
			buildActionMask = 2147483647;
			files = (
				B519803D1908352A00F3DF16 /* SongBlurbTests.m in Sources */,
			);
			runOnlyForDeploymentPostprocessing = 0;
		};
/* End PBXSourcesBuildPhase section */

/* Begin PBXTargetDependency section */
		B51980351908352A00F3DF16 /* PBXTargetDependency */ = {
			isa = PBXTargetDependency;
			target = B519800D1908352A00F3DF16 /* SongBlurb */;
			targetProxy = B51980341908352A00F3DF16 /* PBXContainerItemProxy */;
		};
/* End PBXTargetDependency section */

/* Begin PBXVariantGroup section */
		B519801A1908352A00F3DF16 /* InfoPlist.strings */ = {
			isa = PBXVariantGroup;
			children = (
				B519801B1908352A00F3DF16 /* en */,
			);
			name = InfoPlist.strings;
			sourceTree = "<group>";
		};
		B51980231908352A00F3DF16 /* Main.storyboard */ = {
			isa = PBXVariantGroup;
			children = (
				B51980241908352A00F3DF16 /* Base */,
			);
			name = Main.storyboard;
			sourceTree = "<group>";
		};
		B51980391908352A00F3DF16 /* InfoPlist.strings */ = {
			isa = PBXVariantGroup;
			children = (
				B519803A1908352A00F3DF16 /* en */,
			);
			name = InfoPlist.strings;
			sourceTree = "<group>";
		};
/* End PBXVariantGroup section */

/* Begin XCBuildConfiguration section */
		B519803E1908352A00F3DF16 /* Debug */ = {
			isa = XCBuildConfiguration;
			buildSettings = {
				ALWAYS_SEARCH_USER_PATHS = NO;
				ARCHS = "$(ARCHS_STANDARD_INCLUDING_64_BIT)";
				CLANG_CXX_LANGUAGE_STANDARD = "gnu++0x";
				CLANG_CXX_LIBRARY = "libc++";
				CLANG_ENABLE_MODULES = YES;
				CLANG_ENABLE_OBJC_ARC = YES;
				CLANG_WARN_BOOL_CONVERSION = YES;
				CLANG_WARN_CONSTANT_CONVERSION = YES;
				CLANG_WARN_DIRECT_OBJC_ISA_USAGE = YES_ERROR;
				CLANG_WARN_EMPTY_BODY = YES;
				CLANG_WARN_ENUM_CONVERSION = YES;
				CLANG_WARN_INT_CONVERSION = YES;
				CLANG_WARN_OBJC_ROOT_CLASS = YES_ERROR;
				CLANG_WARN__DUPLICATE_METHOD_MATCH = YES;
				"CODE_SIGN_IDENTITY[sdk=iphoneos*]" = "iPhone Developer";
				COPY_PHASE_STRIP = NO;
				GCC_C_LANGUAGE_STANDARD = gnu99;
				GCC_DYNAMIC_NO_PIC = NO;
				GCC_OPTIMIZATION_LEVEL = 0;
				GCC_PREPROCESSOR_DEFINITIONS = (
					"DEBUG=1",
					"$(inherited)",
				);
				GCC_SYMBOLS_PRIVATE_EXTERN = NO;
				GCC_WARN_64_TO_32_BIT_CONVERSION = YES;
				GCC_WARN_ABOUT_RETURN_TYPE = YES_ERROR;
				GCC_WARN_UNDECLARED_SELECTOR = YES;
				GCC_WARN_UNINITIALIZED_AUTOS = YES;
				GCC_WARN_UNUSED_FUNCTION = YES;
				GCC_WARN_UNUSED_VARIABLE = YES;
				IPHONEOS_DEPLOYMENT_TARGET = 7.0;
				ONLY_ACTIVE_ARCH = YES;
				SDKROOT = iphoneos;
			};
			name = Debug;
		};
		B519803F1908352A00F3DF16 /* Release */ = {
			isa = XCBuildConfiguration;
			buildSettings = {
				ALWAYS_SEARCH_USER_PATHS = NO;
				ARCHS = "$(ARCHS_STANDARD_INCLUDING_64_BIT)";
				CLANG_CXX_LANGUAGE_STANDARD = "gnu++0x";
				CLANG_CXX_LIBRARY = "libc++";
				CLANG_ENABLE_MODULES = YES;
				CLANG_ENABLE_OBJC_ARC = YES;
				CLANG_WARN_BOOL_CONVERSION = YES;
				CLANG_WARN_CONSTANT_CONVERSION = YES;
				CLANG_WARN_DIRECT_OBJC_ISA_USAGE = YES_ERROR;
				CLANG_WARN_EMPTY_BODY = YES;
				CLANG_WARN_ENUM_CONVERSION = YES;
				CLANG_WARN_INT_CONVERSION = YES;
				CLANG_WARN_OBJC_ROOT_CLASS = YES_ERROR;
				CLANG_WARN__DUPLICATE_METHOD_MATCH = YES;
				"CODE_SIGN_IDENTITY[sdk=iphoneos*]" = "iPhone Developer";
				COPY_PHASE_STRIP = YES;
				ENABLE_NS_ASSERTIONS = NO;
				GCC_C_LANGUAGE_STANDARD = gnu99;
				GCC_WARN_64_TO_32_BIT_CONVERSION = YES;
				GCC_WARN_ABOUT_RETURN_TYPE = YES_ERROR;
				GCC_WARN_UNDECLARED_SELECTOR = YES;
				GCC_WARN_UNINITIALIZED_AUTOS = YES;
				GCC_WARN_UNUSED_FUNCTION = YES;
				GCC_WARN_UNUSED_VARIABLE = YES;
				IPHONEOS_DEPLOYMENT_TARGET = 7.0;
				SDKROOT = iphoneos;
				VALIDATE_PRODUCT = YES;
			};
			name = Release;
		};
		B51980411908352A00F3DF16 /* Debug */ = {
			isa = XCBuildConfiguration;
			buildSettings = {
				ASSETCATALOG_COMPILER_APPICON_NAME = AppIcon;
				ASSETCATALOG_COMPILER_LAUNCHIMAGE_NAME = LaunchImage;
				GCC_PRECOMPILE_PREFIX_HEADER = YES;
				GCC_PREFIX_HEADER = "SongBlurb/SongBlurb-Prefix.pch";
				INFOPLIST_FILE = "SongBlurb/SongBlurb-Info.plist";
				PRODUCT_NAME = "$(TARGET_NAME)";
				WRAPPER_EXTENSION = app;
			};
			name = Debug;
		};
		B51980421908352A00F3DF16 /* Release */ = {
			isa = XCBuildConfiguration;
			buildSettings = {
				ASSETCATALOG_COMPILER_APPICON_NAME = AppIcon;
				ASSETCATALOG_COMPILER_LAUNCHIMAGE_NAME = LaunchImage;
				GCC_PRECOMPILE_PREFIX_HEADER = YES;
				GCC_PREFIX_HEADER = "SongBlurb/SongBlurb-Prefix.pch";
				INFOPLIST_FILE = "SongBlurb/SongBlurb-Info.plist";
				PRODUCT_NAME = "$(TARGET_NAME)";
				WRAPPER_EXTENSION = app;
			};
			name = Release;
		};
		B51980441908352A00F3DF16 /* Debug */ = {
			isa = XCBuildConfiguration;
			buildSettings = {
				ARCHS = "$(ARCHS_STANDARD_INCLUDING_64_BIT)";
				BUNDLE_LOADER = "$(BUILT_PRODUCTS_DIR)/SongBlurb.app/SongBlurb";
				FRAMEWORK_SEARCH_PATHS = (
					"$(SDKROOT)/Developer/Library/Frameworks",
					"$(inherited)",
					"$(DEVELOPER_FRAMEWORKS_DIR)",
				);
				GCC_PRECOMPILE_PREFIX_HEADER = YES;
				GCC_PREFIX_HEADER = "SongBlurb/SongBlurb-Prefix.pch";
				GCC_PREPROCESSOR_DEFINITIONS = (
					"DEBUG=1",
					"$(inherited)",
				);
				INFOPLIST_FILE = "SongBlurbTests/SongBlurbTests-Info.plist";
				PRODUCT_NAME = "$(TARGET_NAME)";
				TEST_HOST = "$(BUNDLE_LOADER)";
				WRAPPER_EXTENSION = xctest;
			};
			name = Debug;
		};
		B51980451908352A00F3DF16 /* Release */ = {
			isa = XCBuildConfiguration;
			buildSettings = {
				ARCHS = "$(ARCHS_STANDARD_INCLUDING_64_BIT)";
				BUNDLE_LOADER = "$(BUILT_PRODUCTS_DIR)/SongBlurb.app/SongBlurb";
				FRAMEWORK_SEARCH_PATHS = (
					"$(SDKROOT)/Developer/Library/Frameworks",
					"$(inherited)",
					"$(DEVELOPER_FRAMEWORKS_DIR)",
				);
				GCC_PRECOMPILE_PREFIX_HEADER = YES;
				GCC_PREFIX_HEADER = "SongBlurb/SongBlurb-Prefix.pch";
				INFOPLIST_FILE = "SongBlurbTests/SongBlurbTests-Info.plist";
				PRODUCT_NAME = "$(TARGET_NAME)";
				TEST_HOST = "$(BUNDLE_LOADER)";
				WRAPPER_EXTENSION = xctest;
			};
			name = Release;
		};
/* End XCBuildConfiguration section */

/* Begin XCConfigurationList section */
		B51980091908352A00F3DF16 /* Build configuration list for PBXProject "SongBlurb" */ = {
			isa = XCConfigurationList;
			buildConfigurations = (
				B519803E1908352A00F3DF16 /* Debug */,
				B519803F1908352A00F3DF16 /* Release */,
			);
			defaultConfigurationIsVisible = 0;
			defaultConfigurationName = Release;
		};
		B51980401908352A00F3DF16 /* Build configuration list for PBXNativeTarget "SongBlurb" */ = {
			isa = XCConfigurationList;
			buildConfigurations = (
				B51980411908352A00F3DF16 /* Debug */,
				B51980421908352A00F3DF16 /* Release */,
			);
			defaultConfigurationIsVisible = 0;
			defaultConfigurationName = Release;
		};
		B51980431908352A00F3DF16 /* Build configuration list for PBXNativeTarget "SongBlurbTests" */ = {
			isa = XCConfigurationList;
			buildConfigurations = (
				B51980441908352A00F3DF16 /* Debug */,
				B51980451908352A00F3DF16 /* Release */,
			);
			defaultConfigurationIsVisible = 0;
			defaultConfigurationName = Release;
		};
/* End XCConfigurationList section */
	};
	rootObject = B51980061908352A00F3DF16 /* Project object */;
}
